
Microsoft Visual Studio Solution File, Format Version 12.00
# Visual Studio Version 17
VisualStudioVersion = 17.5.2.0
MinimumVisualStudioVersion = 10.0.40219.1
Project("{2150E333-8FDC-42A3-9474-1A3956D46DE8}") = "src", "src", "{827E0CD3-B72D-47B6-A68D-7590B98EB39B}"
EndProject
Project("{FAE04EC0-301F-11D3-BF4B-00C04F79EFBC}") = "HVO.Common", "src\HVO.Common\HVO.Common.csproj", "{C926C8EE-6E41-5055-3965-11EF7374183B}"
EndProject
Project("{2150E333-8FDC-42A3-9474-1A3956D46DE8}") = "tests", "tests", "{0AB3BF05-4346-4AA6-1389-037BE0695223}"
EndProject
Project("{FAE04EC0-301F-11D3-BF4B-00C04F79EFBC}") = "HVO.Common.Tests", "tests\HVO.Common.Tests\HVO.Common.Tests.csproj", "{50B799B2-4EB1-4D19-A1E8-5A8801653A5E}"
EndProject
Project("{FAE04EC0-301F-11D3-BF4B-00C04F79EFBC}") = "HVO.Enterprise.Telemetry", "src\HVO.Enterprise.Telemetry\HVO.Enterprise.Telemetry.csproj", "{F9AEF22A-3968-48E0-BBF5-A13CD955EBC1}"
EndProject
Project("{FAE04EC0-301F-11D3-BF4B-00C04F79EFBC}") = "HVO.Enterprise.Telemetry.Tests", "tests\HVO.Enterprise.Telemetry.Tests\HVO.Enterprise.Telemetry.Tests.csproj", "{8F526400-1A88-4A75-B6A1-1E95BA036B4E}"
EndProject
Project("{2150E333-8FDC-42A3-9474-1A3956D46DE8}") = "benchmarks", "benchmarks", "{66320409-64EC-F7C5-3DEF-65E7510DAAD1}"
EndProject
Project("{FAE04EC0-301F-11D3-BF4B-00C04F79EFBC}") = "HVO.Common.Benchmarks", "benchmarks\HVO.Common.Benchmarks\HVO.Common.Benchmarks.csproj", "{84103719-5B65-4B91-BF4F-2A6293BCDA94}"
EndProject
Project("{FAE04EC0-301F-11D3-BF4B-00C04F79EFBC}") = "HVO.Enterprise.Telemetry.Benchmarks", "benchmarks\HVO.Enterprise.Telemetry.Benchmarks\HVO.Enterprise.Telemetry.Benchmarks.csproj", "{39876BDB-84EA-442B-9B01-CABBF43D38EB}"
EndProject
Project("{FAE04EC0-301F-11D3-BF4B-00C04F79EFBC}") = "HVO.Enterprise.Telemetry.IIS", "src\HVO.Enterprise.Telemetry.IIS\HVO.Enterprise.Telemetry.IIS.csproj", "{21E23FF6-344C-4C7B-8093-58E6F40B074D}"
EndProject
Project("{FAE04EC0-301F-11D3-BF4B-00C04F79EFBC}") = "HVO.Enterprise.Telemetry.IIS.Tests", "tests\HVO.Enterprise.Telemetry.IIS.Tests\HVO.Enterprise.Telemetry.IIS.Tests.csproj", "{3755D176-C53C-4888-88C8-C7DA7AD0912F}"
EndProject
Project("{FAE04EC0-301F-11D3-BF4B-00C04F79EFBC}") = "HVO.Enterprise.Telemetry.Wcf", "src\HVO.Enterprise.Telemetry.Wcf\HVO.Enterprise.Telemetry.Wcf.csproj", "{D1E9A67E-F3C8-43ED-B688-3E4180904B11}"
EndProject
Project("{FAE04EC0-301F-11D3-BF4B-00C04F79EFBC}") = "HVO.Enterprise.Telemetry.Wcf.Tests", "tests\HVO.Enterprise.Telemetry.Wcf.Tests\HVO.Enterprise.Telemetry.Wcf.Tests.csproj", "{351CBB58-B677-46D2-8ED9-81E2C579393B}"
EndProject
Global
	GlobalSection(SolutionConfigurationPlatforms) = preSolution
		Debug|Any CPU = Debug|Any CPU
		Debug|x64 = Debug|x64
		Debug|x86 = Debug|x86
		Release|Any CPU = Release|Any CPU
		Release|x64 = Release|x64
		Release|x86 = Release|x86
	EndGlobalSection
	GlobalSection(ProjectConfigurationPlatforms) = postSolution
		{C926C8EE-6E41-5055-3965-11EF7374183B}.Debug|Any CPU.ActiveCfg = Debug|Any CPU
		{C926C8EE-6E41-5055-3965-11EF7374183B}.Debug|Any CPU.Build.0 = Debug|Any CPU
		{C926C8EE-6E41-5055-3965-11EF7374183B}.Debug|x64.ActiveCfg = Debug|Any CPU
		{C926C8EE-6E41-5055-3965-11EF7374183B}.Debug|x64.Build.0 = Debug|Any CPU
		{C926C8EE-6E41-5055-3965-11EF7374183B}.Debug|x86.ActiveCfg = Debug|Any CPU
		{C926C8EE-6E41-5055-3965-11EF7374183B}.Debug|x86.Build.0 = Debug|Any CPU
		{C926C8EE-6E41-5055-3965-11EF7374183B}.Release|Any CPU.ActiveCfg = Release|Any CPU
		{C926C8EE-6E41-5055-3965-11EF7374183B}.Release|Any CPU.Build.0 = Release|Any CPU
		{C926C8EE-6E41-5055-3965-11EF7374183B}.Release|x64.ActiveCfg = Release|Any CPU
		{C926C8EE-6E41-5055-3965-11EF7374183B}.Release|x64.Build.0 = Release|Any CPU
		{C926C8EE-6E41-5055-3965-11EF7374183B}.Release|x86.ActiveCfg = Release|Any CPU
		{C926C8EE-6E41-5055-3965-11EF7374183B}.Release|x86.Build.0 = Release|Any CPU
		{50B799B2-4EB1-4D19-A1E8-5A8801653A5E}.Debug|Any CPU.ActiveCfg = Debug|Any CPU
		{50B799B2-4EB1-4D19-A1E8-5A8801653A5E}.Debug|Any CPU.Build.0 = Debug|Any CPU
		{50B799B2-4EB1-4D19-A1E8-5A8801653A5E}.Debug|x64.ActiveCfg = Debug|Any CPU
		{50B799B2-4EB1-4D19-A1E8-5A8801653A5E}.Debug|x64.Build.0 = Debug|Any CPU
		{50B799B2-4EB1-4D19-A1E8-5A8801653A5E}.Debug|x86.ActiveCfg = Debug|Any CPU
		{50B799B2-4EB1-4D19-A1E8-5A8801653A5E}.Debug|x86.Build.0 = Debug|Any CPU
		{50B799B2-4EB1-4D19-A1E8-5A8801653A5E}.Release|Any CPU.ActiveCfg = Release|Any CPU
		{50B799B2-4EB1-4D19-A1E8-5A8801653A5E}.Release|Any CPU.Build.0 = Release|Any CPU
		{50B799B2-4EB1-4D19-A1E8-5A8801653A5E}.Release|x64.ActiveCfg = Release|Any CPU
		{50B799B2-4EB1-4D19-A1E8-5A8801653A5E}.Release|x64.Build.0 = Release|Any CPU
		{50B799B2-4EB1-4D19-A1E8-5A8801653A5E}.Release|x86.ActiveCfg = Release|Any CPU
		{50B799B2-4EB1-4D19-A1E8-5A8801653A5E}.Release|x86.Build.0 = Release|Any CPU
		{F9AEF22A-3968-48E0-BBF5-A13CD955EBC1}.Debug|Any CPU.ActiveCfg = Debug|Any CPU
		{F9AEF22A-3968-48E0-BBF5-A13CD955EBC1}.Debug|Any CPU.Build.0 = Debug|Any CPU
		{F9AEF22A-3968-48E0-BBF5-A13CD955EBC1}.Debug|x64.ActiveCfg = Debug|Any CPU
		{F9AEF22A-3968-48E0-BBF5-A13CD955EBC1}.Debug|x64.Build.0 = Debug|Any CPU
		{F9AEF22A-3968-48E0-BBF5-A13CD955EBC1}.Debug|x86.ActiveCfg = Debug|Any CPU
		{F9AEF22A-3968-48E0-BBF5-A13CD955EBC1}.Debug|x86.Build.0 = Debug|Any CPU
		{F9AEF22A-3968-48E0-BBF5-A13CD955EBC1}.Release|Any CPU.ActiveCfg = Release|Any CPU
		{F9AEF22A-3968-48E0-BBF5-A13CD955EBC1}.Release|Any CPU.Build.0 = Release|Any CPU
		{F9AEF22A-3968-48E0-BBF5-A13CD955EBC1}.Release|x64.ActiveCfg = Release|Any CPU
		{F9AEF22A-3968-48E0-BBF5-A13CD955EBC1}.Release|x64.Build.0 = Release|Any CPU
		{F9AEF22A-3968-48E0-BBF5-A13CD955EBC1}.Release|x86.ActiveCfg = Release|Any CPU
		{F9AEF22A-3968-48E0-BBF5-A13CD955EBC1}.Release|x86.Build.0 = Release|Any CPU
		{8F526400-1A88-4A75-B6A1-1E95BA036B4E}.Debug|Any CPU.ActiveCfg = Debug|Any CPU
		{8F526400-1A88-4A75-B6A1-1E95BA036B4E}.Debug|Any CPU.Build.0 = Debug|Any CPU
		{8F526400-1A88-4A75-B6A1-1E95BA036B4E}.Debug|x64.ActiveCfg = Debug|Any CPU
		{8F526400-1A88-4A75-B6A1-1E95BA036B4E}.Debug|x64.Build.0 = Debug|Any CPU
		{8F526400-1A88-4A75-B6A1-1E95BA036B4E}.Debug|x86.ActiveCfg = Debug|Any CPU
		{8F526400-1A88-4A75-B6A1-1E95BA036B4E}.Debug|x86.Build.0 = Debug|Any CPU
		{8F526400-1A88-4A75-B6A1-1E95BA036B4E}.Release|Any CPU.ActiveCfg = Release|Any CPU
		{8F526400-1A88-4A75-B6A1-1E95BA036B4E}.Release|Any CPU.Build.0 = Release|Any CPU
		{8F526400-1A88-4A75-B6A1-1E95BA036B4E}.Release|x64.ActiveCfg = Release|Any CPU
		{8F526400-1A88-4A75-B6A1-1E95BA036B4E}.Release|x64.Build.0 = Release|Any CPU
		{8F526400-1A88-4A75-B6A1-1E95BA036B4E}.Release|x86.ActiveCfg = Release|Any CPU
		{8F526400-1A88-4A75-B6A1-1E95BA036B4E}.Release|x86.Build.0 = Release|Any CPU
		{84103719-5B65-4B91-BF4F-2A6293BCDA94}.Debug|Any CPU.ActiveCfg = Debug|Any CPU
		{84103719-5B65-4B91-BF4F-2A6293BCDA94}.Debug|Any CPU.Build.0 = Debug|Any CPU
		{84103719-5B65-4B91-BF4F-2A6293BCDA94}.Debug|x64.ActiveCfg = Debug|Any CPU
		{84103719-5B65-4B91-BF4F-2A6293BCDA94}.Debug|x64.Build.0 = Debug|Any CPU
		{84103719-5B65-4B91-BF4F-2A6293BCDA94}.Debug|x86.ActiveCfg = Debug|Any CPU
		{84103719-5B65-4B91-BF4F-2A6293BCDA94}.Debug|x86.Build.0 = Debug|Any CPU
		{84103719-5B65-4B91-BF4F-2A6293BCDA94}.Release|Any CPU.ActiveCfg = Release|Any CPU
		{84103719-5B65-4B91-BF4F-2A6293BCDA94}.Release|Any CPU.Build.0 = Release|Any CPU
		{84103719-5B65-4B91-BF4F-2A6293BCDA94}.Release|x64.ActiveCfg = Release|Any CPU
		{84103719-5B65-4B91-BF4F-2A6293BCDA94}.Release|x64.Build.0 = Release|Any CPU
		{84103719-5B65-4B91-BF4F-2A6293BCDA94}.Release|x86.ActiveCfg = Release|Any CPU
		{84103719-5B65-4B91-BF4F-2A6293BCDA94}.Release|x86.Build.0 = Release|Any CPU
		{39876BDB-84EA-442B-9B01-CABBF43D38EB}.Debug|Any CPU.ActiveCfg = Debug|Any CPU
		{39876BDB-84EA-442B-9B01-CABBF43D38EB}.Debug|Any CPU.Build.0 = Debug|Any CPU
		{39876BDB-84EA-442B-9B01-CABBF43D38EB}.Debug|x64.ActiveCfg = Debug|Any CPU
		{39876BDB-84EA-442B-9B01-CABBF43D38EB}.Debug|x64.Build.0 = Debug|Any CPU
		{39876BDB-84EA-442B-9B01-CABBF43D38EB}.Debug|x86.ActiveCfg = Debug|Any CPU
		{39876BDB-84EA-442B-9B01-CABBF43D38EB}.Debug|x86.Build.0 = Debug|Any CPU
		{39876BDB-84EA-442B-9B01-CABBF43D38EB}.Release|Any CPU.ActiveCfg = Release|Any CPU
		{39876BDB-84EA-442B-9B01-CABBF43D38EB}.Release|Any CPU.Build.0 = Release|Any CPU
		{39876BDB-84EA-442B-9B01-CABBF43D38EB}.Release|x64.ActiveCfg = Release|Any CPU
		{39876BDB-84EA-442B-9B01-CABBF43D38EB}.Release|x64.Build.0 = Release|Any CPU
		{39876BDB-84EA-442B-9B01-CABBF43D38EB}.Release|x86.ActiveCfg = Release|Any CPU
		{39876BDB-84EA-442B-9B01-CABBF43D38EB}.Release|x86.Build.0 = Release|Any CPU
		{21E23FF6-344C-4C7B-8093-58E6F40B074D}.Debug|Any CPU.ActiveCfg = Debug|Any CPU
		{21E23FF6-344C-4C7B-8093-58E6F40B074D}.Debug|Any CPU.Build.0 = Debug|Any CPU
		{21E23FF6-344C-4C7B-8093-58E6F40B074D}.Debug|x64.ActiveCfg = Debug|Any CPU
		{21E23FF6-344C-4C7B-8093-58E6F40B074D}.Debug|x64.Build.0 = Debug|Any CPU
		{21E23FF6-344C-4C7B-8093-58E6F40B074D}.Debug|x86.ActiveCfg = Debug|Any CPU
		{21E23FF6-344C-4C7B-8093-58E6F40B074D}.Debug|x86.Build.0 = Debug|Any CPU
		{21E23FF6-344C-4C7B-8093-58E6F40B074D}.Release|Any CPU.ActiveCfg = Release|Any CPU
		{21E23FF6-344C-4C7B-8093-58E6F40B074D}.Release|Any CPU.Build.0 = Release|Any CPU
		{21E23FF6-344C-4C7B-8093-58E6F40B074D}.Release|x64.ActiveCfg = Release|Any CPU
		{21E23FF6-344C-4C7B-8093-58E6F40B074D}.Release|x64.Build.0 = Release|Any CPU
		{21E23FF6-344C-4C7B-8093-58E6F40B074D}.Release|x86.ActiveCfg = Release|Any CPU
		{21E23FF6-344C-4C7B-8093-58E6F40B074D}.Release|x86.Build.0 = Release|Any CPU
		{3755D176-C53C-4888-88C8-C7DA7AD0912F}.Debug|Any CPU.ActiveCfg = Debug|Any CPU
		{3755D176-C53C-4888-88C8-C7DA7AD0912F}.Debug|Any CPU.Build.0 = Debug|Any CPU
		{3755D176-C53C-4888-88C8-C7DA7AD0912F}.Debug|x64.ActiveCfg = Debug|Any CPU
		{3755D176-C53C-4888-88C8-C7DA7AD0912F}.Debug|x64.Build.0 = Debug|Any CPU
		{3755D176-C53C-4888-88C8-C7DA7AD0912F}.Debug|x86.ActiveCfg = Debug|Any CPU
		{3755D176-C53C-4888-88C8-C7DA7AD0912F}.Debug|x86.Build.0 = Debug|Any CPU
		{3755D176-C53C-4888-88C8-C7DA7AD0912F}.Release|Any CPU.ActiveCfg = Release|Any CPU
		{3755D176-C53C-4888-88C8-C7DA7AD0912F}.Release|Any CPU.Build.0 = Release|Any CPU
		{3755D176-C53C-4888-88C8-C7DA7AD0912F}.Release|x64.ActiveCfg = Release|Any CPU
		{3755D176-C53C-4888-88C8-C7DA7AD0912F}.Release|x64.Build.0 = Release|Any CPU
		{3755D176-C53C-4888-88C8-C7DA7AD0912F}.Release|x86.ActiveCfg = Release|Any CPU
		{3755D176-C53C-4888-88C8-C7DA7AD0912F}.Release|x86.Build.0 = Release|Any CPU
		{D1E9A67E-F3C8-43ED-B688-3E4180904B11}.Debug|Any CPU.ActiveCfg = Debug|Any CPU
		{D1E9A67E-F3C8-43ED-B688-3E4180904B11}.Debug|Any CPU.Build.0 = Debug|Any CPU
		{D1E9A67E-F3C8-43ED-B688-3E4180904B11}.Debug|x64.ActiveCfg = Debug|Any CPU
		{D1E9A67E-F3C8-43ED-B688-3E4180904B11}.Debug|x64.Build.0 = Debug|Any CPU
		{D1E9A67E-F3C8-43ED-B688-3E4180904B11}.Debug|x86.ActiveCfg = Debug|Any CPU
		{D1E9A67E-F3C8-43ED-B688-3E4180904B11}.Debug|x86.Build.0 = Debug|Any CPU
		{D1E9A67E-F3C8-43ED-B688-3E4180904B11}.Release|Any CPU.ActiveCfg = Release|Any CPU
		{D1E9A67E-F3C8-43ED-B688-3E4180904B11}.Release|Any CPU.Build.0 = Release|Any CPU
		{D1E9A67E-F3C8-43ED-B688-3E4180904B11}.Release|x64.ActiveCfg = Release|Any CPU
		{D1E9A67E-F3C8-43ED-B688-3E4180904B11}.Release|x64.Build.0 = Release|Any CPU
		{D1E9A67E-F3C8-43ED-B688-3E4180904B11}.Release|x86.ActiveCfg = Release|Any CPU
		{D1E9A67E-F3C8-43ED-B688-3E4180904B11}.Release|x86.Build.0 = Release|Any CPU
		{351CBB58-B677-46D2-8ED9-81E2C579393B}.Debug|Any CPU.ActiveCfg = Debug|Any CPU
		{351CBB58-B677-46D2-8ED9-81E2C579393B}.Debug|Any CPU.Build.0 = Debug|Any CPU
		{351CBB58-B677-46D2-8ED9-81E2C579393B}.Debug|x64.ActiveCfg = Debug|Any CPU
		{351CBB58-B677-46D2-8ED9-81E2C579393B}.Debug|x64.Build.0 = Debug|Any CPU
		{351CBB58-B677-46D2-8ED9-81E2C579393B}.Debug|x86.ActiveCfg = Debug|Any CPU
		{351CBB58-B677-46D2-8ED9-81E2C579393B}.Debug|x86.Build.0 = Debug|Any CPU
		{351CBB58-B677-46D2-8ED9-81E2C579393B}.Release|Any CPU.ActiveCfg = Release|Any CPU
		{351CBB58-B677-46D2-8ED9-81E2C579393B}.Release|Any CPU.Build.0 = Release|Any CPU
		{351CBB58-B677-46D2-8ED9-81E2C579393B}.Release|x64.ActiveCfg = Release|Any CPU
		{351CBB58-B677-46D2-8ED9-81E2C579393B}.Release|x64.Build.0 = Release|Any CPU
		{351CBB58-B677-46D2-8ED9-81E2C579393B}.Release|x86.ActiveCfg = Release|Any CPU
		{351CBB58-B677-46D2-8ED9-81E2C579393B}.Release|x86.Build.0 = Release|Any CPU
	EndGlobalSection
	GlobalSection(SolutionProperties) = preSolution
		HideSolutionNode = FALSE
	EndGlobalSection
	GlobalSection(NestedProjects) = preSolution
		{C926C8EE-6E41-5055-3965-11EF7374183B} = {827E0CD3-B72D-47B6-A68D-7590B98EB39B}
		{50B799B2-4EB1-4D19-A1E8-5A8801653A5E} = {0AB3BF05-4346-4AA6-1389-037BE0695223}
		{F9AEF22A-3968-48E0-BBF5-A13CD955EBC1} = {827E0CD3-B72D-47B6-A68D-7590B98EB39B}
		{8F526400-1A88-4A75-B6A1-1E95BA036B4E} = {0AB3BF05-4346-4AA6-1389-037BE0695223}
		{84103719-5B65-4B91-BF4F-2A6293BCDA94} = {66320409-64EC-F7C5-3DEF-65E7510DAAD1}
		{39876BDB-84EA-442B-9B01-CABBF43D38EB} = {66320409-64EC-F7C5-3DEF-65E7510DAAD1}
		{21E23FF6-344C-4C7B-8093-58E6F40B074D} = {827E0CD3-B72D-47B6-A68D-7590B98EB39B}
		{3755D176-C53C-4888-88C8-C7DA7AD0912F} = {0AB3BF05-4346-4AA6-1389-037BE0695223}
		{D1E9A67E-F3C8-43ED-B688-3E4180904B11} = {827E0CD3-B72D-47B6-A68D-7590B98EB39B}
		{351CBB58-B677-46D2-8ED9-81E2C579393B} = {0AB3BF05-4346-4AA6-1389-037BE0695223}
	EndGlobalSection
	GlobalSection(ExtensibilityGlobals) = postSolution
		SolutionGuid = {17414606-9F4F-4F6A-BB65-EF7903616968}
	EndGlobalSection
EndGlobal
